
Microsoft Visual Studio Solution File, Format Version 12.00
# Visual Studio Version 16
VisualStudioVersion = 16.0.31410.357
MinimumVisualStudioVersion = 10.0.40219.1
Project("{FAE04EC0-301F-11D3-BF4B-00C04F79EFBC}") = "Projeto Vendas WinForms", "Projeto Vendas WinForms\Projeto Vendas WinForms.csproj", "{F8892857-51A9-4823-BAE0-9A5E6BADD680}"
EndProject
Global
	GlobalSection(SolutionConfigurationPlatforms) = preSolution
		Debug|Any CPU = Debug|Any CPU
		Release|Any CPU = Release|Any CPU
	EndGlobalSection
	GlobalSection(ProjectConfigurationPlatforms) = postSolution
		{F8892857-51A9-4823-BAE0-9A5E6BADD680}.Debug|Any CPU.ActiveCfg = Debug|Any CPU
		{F8892857-51A9-4823-BAE0-9A5E6BADD680}.Debug|Any CPU.Build.0 = Debug|Any CPU
		{F8892857-51A9-4823-BAE0-9A5E6BADD680}.Release|Any CPU.ActiveCfg = Release|Any CPU
		{F8892857-51A9-4823-BAE0-9A5E6BADD680}.Release|Any CPU.Build.0 = Release|Any CPU
	EndGlobalSection
	GlobalSection(SolutionProperties) = preSolution
		HideSolutionNode = FALSE
	EndGlobalSection
	GlobalSection(ExtensibilityGlobals) = postSolution
		SolutionGuid = {61BC87F1-F7CC-48AF-A92A-B7897FE8F7E1}
	EndGlobalSection
EndGlobal
